
Microsoft Visual Studio Solution File, Format Version 12.00
# Visual Studio Version 16
VisualStudioVersion = 16.0.30709.132
MinimumVisualStudioVersion = 10.0.40219.1
Project("{FAE04EC0-301F-11D3-BF4B-00C04F79EFBC}") = "WhatDay1", "WhatDay1.csproj", "{B24D708C-92C2-4667-992F-166589D537CD}"
EndProject
Global
	GlobalSection(SolutionConfigurationPlatforms) = preSolution
		Debug|Any CPU = Debug|Any CPU
		Release|Any CPU = Release|Any CPU
	EndGlobalSection
	GlobalSection(ProjectConfigurationPlatforms) = postSolution
		{B24D708C-92C2-4667-992F-166589D537CD}.Debug|Any CPU.ActiveCfg = Debug|Any CPU
		{B24D708C-92C2-4667-992F-166589D537CD}.Debug|Any CPU.Build.0 = Debug|Any CPU
		{B24D708C-92C2-4667-992F-166589D537CD}.Release|Any CPU.ActiveCfg = Release|Any CPU
		{B24D708C-92C2-4667-992F-166589D537CD}.Release|Any CPU.Build.0 = Release|Any CPU
	EndGlobalSection
	GlobalSection(SolutionProperties) = preSolution
		HideSolutionNode = FALSE
	EndGlobalSection
	GlobalSection(ExtensibilityGlobals) = postSolution
		SolutionGuid = {622D38DC-6188-4F91-8658-9AA20533CB66}
	EndGlobalSection
EndGlobal
